
Microsoft Visual Studio Solution File, Format Version 12.00
# Visual Studio Version 17
VisualStudioVersion = 17.7.34009.444
MinimumVisualStudioVersion = 10.0.40219.1
Project("{FAE04EC0-301F-11D3-BF4B-00C04F79EFBC}") = "Lab_work#1", "Lab_work#1\Lab_work#1.csproj", "{72DEED36-682F-4416-A4B7-8A12AA28A0E3}"
EndProject
Global
	GlobalSection(SolutionConfigurationPlatforms) = preSolution
		Debug|Any CPU = Debug|Any CPU
		Release|Any CPU = Release|Any CPU
	EndGlobalSection
	GlobalSection(ProjectConfigurationPlatforms) = postSolution
		{72DEED36-682F-4416-A4B7-8A12AA28A0E3}.Debug|Any CPU.ActiveCfg = Debug|Any CPU
		{72DEED36-682F-4416-A4B7-8A12AA28A0E3}.Debug|Any CPU.Build.0 = Debug|Any CPU
		{72DEED36-682F-4416-A4B7-8A12AA28A0E3}.Release|Any CPU.ActiveCfg = Release|Any CPU
		{72DEED36-682F-4416-A4B7-8A12AA28A0E3}.Release|Any CPU.Build.0 = Release|Any CPU
	EndGlobalSection
	GlobalSection(SolutionProperties) = preSolution
		HideSolutionNode = FALSE
	EndGlobalSection
	GlobalSection(ExtensibilityGlobals) = postSolution
		SolutionGuid = {AA5CA03C-7243-447A-8BD2-77B83100E51B}
	EndGlobalSection
EndGlobal
